
Microsoft Visual Studio Solution File, Format Version 12.00
# Visual Studio Version 16
VisualStudioVersion = 16.0.31019.35
MinimumVisualStudioVersion = 10.0.40219.1
Project("{9A19103F-16F7-4668-BE54-9A1E7A4F7556}") = "CyranoLibrary.WorldGeoloc", "CyranoLibrary.WorldGeoloc\CyranoLibrary.WorldGeoloc.csproj", "{C95B5155-2C43-4AE6-8C34-777D626FDF5D}"
EndProject
Project("{FAE04EC0-301F-11D3-BF4B-00C04F79EFBC}") = "CyranoLibrary.WorldGeoloc.Tests", "CyranoLibrary.WorldGeoloc.Tests\CyranoLibrary.WorldGeoloc.Tests.csproj", "{93C995A0-B873-4A26-8D92-B47BD3F3F0F3}"
EndProject
Global
	GlobalSection(SolutionConfigurationPlatforms) = preSolution
		Debug|Any CPU = Debug|Any CPU
		Release|Any CPU = Release|Any CPU
	EndGlobalSection
	GlobalSection(ProjectConfigurationPlatforms) = postSolution
		{C95B5155-2C43-4AE6-8C34-777D626FDF5D}.Debug|Any CPU.ActiveCfg = Debug|Any CPU
		{C95B5155-2C43-4AE6-8C34-777D626FDF5D}.Debug|Any CPU.Build.0 = Debug|Any CPU
		{C95B5155-2C43-4AE6-8C34-777D626FDF5D}.Release|Any CPU.ActiveCfg = Release|Any CPU
		{C95B5155-2C43-4AE6-8C34-777D626FDF5D}.Release|Any CPU.Build.0 = Release|Any CPU
		{93C995A0-B873-4A26-8D92-B47BD3F3F0F3}.Debug|Any CPU.ActiveCfg = Debug|Any CPU
		{93C995A0-B873-4A26-8D92-B47BD3F3F0F3}.Debug|Any CPU.Build.0 = Debug|Any CPU
		{93C995A0-B873-4A26-8D92-B47BD3F3F0F3}.Release|Any CPU.ActiveCfg = Release|Any CPU
		{93C995A0-B873-4A26-8D92-B47BD3F3F0F3}.Release|Any CPU.Build.0 = Release|Any CPU
	EndGlobalSection
	GlobalSection(SolutionProperties) = preSolution
		HideSolutionNode = FALSE
	EndGlobalSection
	GlobalSection(ExtensibilityGlobals) = postSolution
		SolutionGuid = {62C0FA23-121D-4ABB-AA60-144FAF241FDA}
	EndGlobalSection
EndGlobal
